// !$*UTF8*$!
{
	archiveVersion = 1;
	classes = {
	};
	objectVersion = 46;
	objects = {

/* Begin PBXBuildFile section */
		03106A09199E0347002886D2 /* main.m in Sources */ = {isa = PBXBuildFile; fileRef = 03106A08199E0347002886D2 /* main.m */; };
		03106A0C199E0347002886D2 /* AppDelegate.m in Sources */ = {isa = PBXBuildFile; fileRef = 03106A0B199E0347002886D2 /* AppDelegate.m */; };
		DD0FD40319FDD96800B4E1D1 /* Storyboard.storyboard in Resources */ = {isa = PBXBuildFile; fileRef = DD0FD40219FDD96800B4E1D1 /* Storyboard.storyboard */; };
		DD0FD40619FDD9AA00B4E1D1 /* RootViewController.m in Sources */ = {isa = PBXBuildFile; fileRef = DD0FD40519FDD9AA00B4E1D1 /* RootViewController.m */; };
		DD98919619FF030300039466 /* Toast.swift in Sources */ = {isa = PBXBuildFile; fileRef = DD98919419FF030300039466 /* Toast.swift */; };
		DD98919719FF030300039466 /* ToastConfig.swift in Sources */ = {isa = PBXBuildFile; fileRef = DD98919519FF030300039466 /* ToastConfig.swift */; };
		DDA6993C19FE1360006E8DBE /* Image.xcassets in Resources */ = {isa = PBXBuildFile; fileRef = DDA6993B19FE1360006E8DBE /* Image.xcassets */; };
/* End PBXBuildFile section */

/* Begin PBXFileReference section */
		03106A03199E0347002886D2 /* SwiftToastObjcSample.app */ = {isa = PBXFileReference; explicitFileType = wrapper.application; includeInIndex = 0; path = SwiftToastObjcSample.app; sourceTree = BUILT_PRODUCTS_DIR; };
		03106A07199E0347002886D2 /* Info.plist */ = {isa = PBXFileReference; lastKnownFileType = text.plist.xml; path = Info.plist; sourceTree = "<group>"; };
		03106A08199E0347002886D2 /* main.m */ = {isa = PBXFileReference; lastKnownFileType = sourcecode.c.objc; path = main.m; sourceTree = "<group>"; };
		03106A0A199E0347002886D2 /* AppDelegate.h */ = {isa = PBXFileReference; lastKnownFileType = sourcecode.c.h; path = AppDelegate.h; sourceTree = "<group>"; };
		03106A0B199E0347002886D2 /* AppDelegate.m */ = {isa = PBXFileReference; lastKnownFileType = sourcecode.c.objc; path = AppDelegate.m; sourceTree = "<group>"; };
		DD0FD40219FDD96800B4E1D1 /* Storyboard.storyboard */ = {isa = PBXFileReference; fileEncoding = 4; lastKnownFileType = file.storyboard; path = Storyboard.storyboard; sourceTree = "<group>"; };
		DD0FD40419FDD9AA00B4E1D1 /* RootViewController.h */ = {isa = PBXFileReference; fileEncoding = 4; lastKnownFileType = sourcecode.c.h; path = RootViewController.h; sourceTree = "<group>"; };
		DD0FD40519FDD9AA00B4E1D1 /* RootViewController.m */ = {isa = PBXFileReference; fileEncoding = 4; lastKnownFileType = sourcecode.c.objc; path = RootViewController.m; sourceTree = "<group>"; };
		DD98919419FF030300039466 /* Toast.swift */ = {isa = PBXFileReference; fileEncoding = 4; lastKnownFileType = sourcecode.swift; path = Toast.swift; sourceTree = "<group>"; };
		DD98919519FF030300039466 /* ToastConfig.swift */ = {isa = PBXFileReference; fileEncoding = 4; lastKnownFileType = sourcecode.swift; path = ToastConfig.swift; sourceTree = "<group>"; };
		DDA6993B19FE1360006E8DBE /* Image.xcassets */ = {isa = PBXFileReference; lastKnownFileType = folder.assetcatalog; path = Image.xcassets; sourceTree = "<group>"; };
/* End PBXFileReference section */

/* Begin PBXFrameworksBuildPhase section */
		03106A00199E0347002886D2 /* Frameworks */ = {
			isa = PBXFrameworksBuildPhase;
			buildActionMask = 2147483647;
			files = (
			);
			runOnlyForDeploymentPostprocessing = 0;
		};
/* End PBXFrameworksBuildPhase section */

/* Begin PBXGroup section */
		031069FA199E0347002886D2 = {
			isa = PBXGroup;
			children = (
				03106A05199E0347002886D2 /* SwiftToastObjcSample */,
				03106A04199E0347002886D2 /* Products */,
			);
			sourceTree = "<group>";
		};
		03106A04199E0347002886D2 /* Products */ = {
			isa = PBXGroup;
			children = (
				03106A03199E0347002886D2 /* SwiftToastObjcSample.app */,
			);
			name = Products;
			sourceTree = "<group>";
		};
		03106A05199E0347002886D2 /* SwiftToastObjcSample */ = {
			isa = PBXGroup;
			children = (
				03106A0A199E0347002886D2 /* AppDelegate.h */,
				03106A0B199E0347002886D2 /* AppDelegate.m */,
				DD0FD40419FDD9AA00B4E1D1 /* RootViewController.h */,
				DD0FD40519FDD9AA00B4E1D1 /* RootViewController.m */,
				DD0FD40219FDD96800B4E1D1 /* Storyboard.storyboard */,
				DDA6993B19FE1360006E8DBE /* Image.xcassets */,
				03106A29199E04D0002886D2 /* SwiftToast */,
				03106A06199E0347002886D2 /* Supporting Files */,
			);
			path = SwiftToastObjcSample;
			sourceTree = "<group>";
		};
		03106A06199E0347002886D2 /* Supporting Files */ = {
			isa = PBXGroup;
			children = (
				03106A07199E0347002886D2 /* Info.plist */,
				03106A08199E0347002886D2 /* main.m */,
			);
			name = "Supporting Files";
			sourceTree = "<group>";
		};
		03106A29199E04D0002886D2 /* SwiftToast */ = {
			isa = PBXGroup;
			children = (
				DD98919419FF030300039466 /* Toast.swift */,
				DD98919519FF030300039466 /* ToastConfig.swift */,
			);
			name = SwiftToast;
			path = ../../../SwiftToast;
			sourceTree = "<group>";
		};
/* End PBXGroup section */

/* Begin PBXNativeTarget section */
		03106A02199E0347002886D2 /* SwiftToastObjcSample */ = {
			isa = PBXNativeTarget;
			buildConfigurationList = 03106A23199E0347002886D2 /* Build configuration list for PBXNativeTarget "SwiftToastObjcSample" */;
			buildPhases = (
				031069FF199E0347002886D2 /* Sources */,
				03106A00199E0347002886D2 /* Frameworks */,
				03106A01199E0347002886D2 /* Resources */,
			);
			buildRules = (
			);
			dependencies = (
			);
			name = SwiftToastObjcSample;
			productName = JLToastObjcSample;
			productReference = 03106A03199E0347002886D2 /* SwiftToastObjcSample.app */;
			productType = "com.apple.product-type.application";
		};
/* End PBXNativeTarget section */

/* Begin PBXProject section */
		031069FB199E0347002886D2 /* Project object */ = {
			isa = PBXProject;
			attributes = {
				LastUpgradeCheck = 0600;
				ORGANIZATIONNAME = "Suyeol Jeon";
				TargetAttributes = {
					03106A02199E0347002886D2 = {
						CreatedOnToolsVersion = 6.0;
					};
				};
			};
			buildConfigurationList = 031069FE199E0347002886D2 /* Build configuration list for PBXProject "SwiftToastObjcSample" */;
			compatibilityVersion = "Xcode 3.2";
			developmentRegion = English;
			hasScannedForEncodings = 0;
			knownRegions = (
				en,
				Base,
			);
			mainGroup = 031069FA199E0347002886D2;
			productRefGroup = 03106A04199E0347002886D2 /* Products */;
			projectDirPath = "";
			projectRoot = "";
			targets = (
				03106A02199E0347002886D2 /* SwiftToastObjcSample */,
			);
		};
/* End PBXProject section */

/* Begin PBXResourcesBuildPhase section */
		03106A01199E0347002886D2 /* Resources */ = {
			isa = PBXResourcesBuildPhase;
			buildActionMask = 2147483647;
			files = (
				DD0FD40319FDD96800B4E1D1 /* Storyboard.storyboard in Resources */,
				DDA6993C19FE1360006E8DBE /* Image.xcassets in Resources */,
			);
			runOnlyForDeploymentPostprocessing = 0;
		};
/* End PBXResourcesBuildPhase section */

/* Begin PBXSourcesBuildPhase section */
		031069FF199E0347002886D2 /* Sources */ = {
			isa = PBXSourcesBuildPhase;
			buildActionMask = 2147483647;
			files = (
				DD98919619FF030300039466 /* Toast.swift in Sources */,
				DD0FD40619FDD9AA00B4E1D1 /* RootViewController.m in Sources */,
				03106A0C199E0347002886D2 /* AppDelegate.m in Sources */,
				03106A09199E0347002886D2 /* main.m in Sources */,
				DD98919719FF030300039466 /* ToastConfig.swift in Sources */,
			);
			runOnlyForDeploymentPostprocessing = 0;
		};
/* End PBXSourcesBuildPhase section */

/* Begin XCBuildConfiguration section */
		03106A21199E0347002886D2 /* Debug */ = {
			isa = XCBuildConfiguration;
			buildSettings = {
				ALWAYS_SEARCH_USER_PATHS = NO;
				CLANG_CXX_LANGUAGE_STANDARD = "gnu++0x";
				CLANG_CXX_LIBRARY = "libc++";
				CLANG_ENABLE_MODULES = YES;
				CLANG_ENABLE_OBJC_ARC = YES;
				CLANG_WARN_BOOL_CONVERSION = YES;
				CLANG_WARN_CONSTANT_CONVERSION = YES;
				CLANG_WARN_DIRECT_OBJC_ISA_USAGE = YES_ERROR;
				CLANG_WARN_EMPTY_BODY = YES;
				CLANG_WARN_ENUM_CONVERSION = YES;
				CLANG_WARN_INT_CONVERSION = YES;
				CLANG_WARN_OBJC_ROOT_CLASS = YES_ERROR;
				CLANG_WARN_UNREACHABLE_CODE = YES;
				CLANG_WARN__DUPLICATE_METHOD_MATCH = YES;
				"CODE_SIGN_IDENTITY[sdk=iphoneos*]" = "iPhone Developer";
				COPY_PHASE_STRIP = NO;
				ENABLE_STRICT_OBJC_MSGSEND = YES;
				GCC_C_LANGUAGE_STANDARD = gnu99;
				GCC_DYNAMIC_NO_PIC = NO;
				GCC_OPTIMIZATION_LEVEL = 0;
				GCC_PREPROCESSOR_DEFINITIONS = (
					"DEBUG=1",
					"$(inherited)",
				);
				GCC_SYMBOLS_PRIVATE_EXTERN = NO;
				GCC_WARN_64_TO_32_BIT_CONVERSION = YES;
				GCC_WARN_ABOUT_RETURN_TYPE = YES_ERROR;
				GCC_WARN_UNDECLARED_SELECTOR = YES;
				GCC_WARN_UNINITIALIZED_AUTOS = YES_AGGRESSIVE;
				GCC_WARN_UNUSED_FUNCTION = YES;
				GCC_WARN_UNUSED_VARIABLE = YES;
				IPHONEOS_DEPLOYMENT_TARGET = 7.1;
				MTL_ENABLE_DEBUG_INFO = YES;
				ONLY_ACTIVE_ARCH = YES;
				SDKROOT = iphoneos;
				TARGETED_DEVICE_FAMILY = "1,2";
			};
			name = Debug;
		};
		03106A22199E0347002886D2 /* Release */ = {
			isa = XCBuildConfiguration;
			buildSettings = {
				ALWAYS_SEARCH_USER_PATHS = NO;
				CLANG_CXX_LANGUAGE_STANDARD = "gnu++0x";
				CLANG_CXX_LIBRARY = "libc++";
				CLANG_ENABLE_MODULES = YES;
				CLANG_ENABLE_OBJC_ARC = YES;
				CLANG_WARN_BOOL_CONVERSION = YES;
				CLANG_WARN_CONSTANT_CONVERSION = YES;
				CLANG_WARN_DIRECT_OBJC_ISA_USAGE = YES_ERROR;
				CLANG_WARN_EMPTY_BODY = YES;
				CLANG_WARN_ENUM_CONVERSION = YES;
				CLANG_WARN_INT_CONVERSION = YES;
				CLANG_WARN_OBJC_ROOT_CLASS = YES_ERROR;
				CLANG_WARN_UNREACHABLE_CODE = YES;
				CLANG_WARN__DUPLICATE_METHOD_MATCH = YES;
				"CODE_SIGN_IDENTITY[sdk=iphoneos*]" = "iPhone Developer";
				COPY_PHASE_STRIP = YES;
				ENABLE_NS_ASSERTIONS = NO;
				ENABLE_STRICT_OBJC_MSGSEND = YES;
				GCC_C_LANGUAGE_STANDARD = gnu99;
				GCC_WARN_64_TO_32_BIT_CONVERSION = YES;
				GCC_WARN_ABOUT_RETURN_TYPE = YES_ERROR;
				GCC_WARN_UNDECLARED_SELECTOR = YES;
				GCC_WARN_UNINITIALIZED_AUTOS = YES_AGGRESSIVE;
				GCC_WARN_UNUSED_FUNCTION = YES;
				GCC_WARN_UNUSED_VARIABLE = YES;
				IPHONEOS_DEPLOYMENT_TARGET = 7.1;
				MTL_ENABLE_DEBUG_INFO = NO;
				SDKROOT = iphoneos;
				TARGETED_DEVICE_FAMILY = "1,2";
				VALIDATE_PRODUCT = YES;
			};
			name = Release;
		};
		03106A24199E0347002886D2 /* Debug */ = {
			isa = XCBuildConfiguration;
			buildSettings = {
				ASSETCATALOG_COMPILER_APPICON_NAME = AppIcon;
				ASSETCATALOG_COMPILER_LAUNCHIMAGE_NAME = LaunchImage;
				INFOPLIST_FILE = "$(SRCROOT)/SwiftToastObjcSample/Info.plist";
				LD_RUNPATH_SEARCH_PATHS = "$(inherited) @executable_path/Frameworks";
				PRODUCT_NAME = SwiftToastObjcSample;
			};
			name = Debug;
		};
		03106A25199E0347002886D2 /* Release */ = {
			isa = XCBuildConfiguration;
			buildSettings = {
				ASSETCATALOG_COMPILER_APPICON_NAME = AppIcon;
				ASSETCATALOG_COMPILER_LAUNCHIMAGE_NAME = LaunchImage;
				INFOPLIST_FILE = "$(SRCROOT)/SwiftToastObjcSample/Info.plist";
				LD_RUNPATH_SEARCH_PATHS = "$(inherited) @executable_path/Frameworks";
				PRODUCT_NAME = SwiftToastObjcSample;
			};
			name = Release;
		};
/* End XCBuildConfiguration section */

/* Begin XCConfigurationList section */
		031069FE199E0347002886D2 /* Build configuration list for PBXProject "SwiftToastObjcSample" */ = {
			isa = XCConfigurationList;
			buildConfigurations = (
				03106A21199E0347002886D2 /* Debug */,
				03106A22199E0347002886D2 /* Release */,
			);
			defaultConfigurationIsVisible = 0;
			defaultConfigurationName = Release;
		};
		03106A23199E0347002886D2 /* Build configuration list for PBXNativeTarget "SwiftToastObjcSample" */ = {
			isa = XCConfigurationList;
			buildConfigurations = (
				03106A24199E0347002886D2 /* Debug */,
				03106A25199E0347002886D2 /* Release */,
			);
			defaultConfigurationIsVisible = 0;
			defaultConfigurationName = Release;
		};
/* End XCConfigurationList section */
	};
	rootObject = 031069FB199E0347002886D2 /* Project object */;
}
